
Microsoft Visual Studio Solution File, Format Version 12.00
# Visual Studio Version 17
VisualStudioVersion = 17.0.31903.59
MinimumVisualStudioVersion = 10.0.40219.1
Project("{2150E333-8FDC-42A3-9474-1A3956D46DE8}") = "src", "src", "{827E0CD3-B72D-47B6-A68D-7590B98EB39B}"
EndProject
Project("{FAE04EC0-301F-11D3-BF4B-00C04F79EFBC}") = "HADA.Core", "src\HADA.Core\HADA.Core.csproj", "{5643E6FB-1B5F-4DCF-B1B5-E50C7B448D3E}"
EndProject
Project("{FAE04EC0-301F-11D3-BF4B-00C04F79EFBC}") = "HADA.Service", "src\HADA.Service\HADA.Service.csproj", "{47D80352-AE79-4B60-9FB9-A0A5D380970D}"
EndProject
Project("{FAE04EC0-301F-11D3-BF4B-00C04F79EFBC}") = "HADA.Tray", "src\HADA.Tray\HADA.Tray.csproj", "{97922C8A-3A7A-4006-9A33-4F6BBD2CDF5C}"
EndProject
Project("{2150E333-8FDC-42A3-9474-1A3956D46DE8}") = "tests", "tests", "{0AB3BF05-4346-4AA6-1389-037BE0695223}"
EndProject
Project("{FAE04EC0-301F-11D3-BF4B-00C04F79EFBC}") = "HADA.Tests", "tests\HADA.Tests\HADA.Tests.csproj", "{336025B8-F8AD-4050-A9E2-31AA030FA32E}"
EndProject
Global
	GlobalSection(SolutionConfigurationPlatforms) = preSolution
		Debug|Any CPU = Debug|Any CPU
		Debug|x64 = Debug|x64
		Debug|x86 = Debug|x86
		Release|Any CPU = Release|Any CPU
		Release|x64 = Release|x64
		Release|x86 = Release|x86
	EndGlobalSection
	GlobalSection(ProjectConfigurationPlatforms) = postSolution
		{5643E6FB-1B5F-4DCF-B1B5-E50C7B448D3E}.Debug|Any CPU.ActiveCfg = Debug|Any CPU
		{5643E6FB-1B5F-4DCF-B1B5-E50C7B448D3E}.Debug|Any CPU.Build.0 = Debug|Any CPU
		{5643E6FB-1B5F-4DCF-B1B5-E50C7B448D3E}.Debug|x64.ActiveCfg = Debug|Any CPU
		{5643E6FB-1B5F-4DCF-B1B5-E50C7B448D3E}.Debug|x64.Build.0 = Debug|Any CPU
		{5643E6FB-1B5F-4DCF-B1B5-E50C7B448D3E}.Debug|x86.ActiveCfg = Debug|Any CPU
		{5643E6FB-1B5F-4DCF-B1B5-E50C7B448D3E}.Debug|x86.Build.0 = Debug|Any CPU
		{5643E6FB-1B5F-4DCF-B1B5-E50C7B448D3E}.Release|Any CPU.ActiveCfg = Release|Any CPU
		{5643E6FB-1B5F-4DCF-B1B5-E50C7B448D3E}.Release|Any CPU.Build.0 = Release|Any CPU
		{5643E6FB-1B5F-4DCF-B1B5-E50C7B448D3E}.Release|x64.ActiveCfg = Release|Any CPU
		{5643E6FB-1B5F-4DCF-B1B5-E50C7B448D3E}.Release|x64.Build.0 = Release|Any CPU
		{5643E6FB-1B5F-4DCF-B1B5-E50C7B448D3E}.Release|x86.ActiveCfg = Release|Any CPU
		{5643E6FB-1B5F-4DCF-B1B5-E50C7B448D3E}.Release|x86.Build.0 = Release|Any CPU
		{47D80352-AE79-4B60-9FB9-A0A5D380970D}.Debug|Any CPU.ActiveCfg = Debug|Any CPU
		{47D80352-AE79-4B60-9FB9-A0A5D380970D}.Debug|Any CPU.Build.0 = Debug|Any CPU
		{47D80352-AE79-4B60-9FB9-A0A5D380970D}.Debug|x64.ActiveCfg = Debug|Any CPU
		{47D80352-AE79-4B60-9FB9-A0A5D380970D}.Debug|x64.Build.0 = Debug|Any CPU
		{47D80352-AE79-4B60-9FB9-A0A5D380970D}.Debug|x86.ActiveCfg = Debug|Any CPU
		{47D80352-AE79-4B60-9FB9-A0A5D380970D}.Debug|x86.Build.0 = Debug|Any CPU
		{47D80352-AE79-4B60-9FB9-A0A5D380970D}.Release|Any CPU.ActiveCfg = Release|Any CPU
		{47D80352-AE79-4B60-9FB9-A0A5D380970D}.Release|Any CPU.Build.0 = Release|Any CPU
		{47D80352-AE79-4B60-9FB9-A0A5D380970D}.Release|x64.ActiveCfg = Release|Any CPU
		{47D80352-AE79-4B60-9FB9-A0A5D380970D}.Release|x64.Build.0 = Release|Any CPU
		{47D80352-AE79-4B60-9FB9-A0A5D380970D}.Release|x86.ActiveCfg = Release|Any CPU
		{47D80352-AE79-4B60-9FB9-A0A5D380970D}.Release|x86.Build.0 = Release|Any CPU
		{97922C8A-3A7A-4006-9A33-4F6BBD2CDF5C}.Debug|Any CPU.ActiveCfg = Debug|Any CPU
		{97922C8A-3A7A-4006-9A33-4F6BBD2CDF5C}.Debug|Any CPU.Build.0 = Debug|Any CPU
		{97922C8A-3A7A-4006-9A33-4F6BBD2CDF5C}.Debug|x64.ActiveCfg = Debug|Any CPU
		{97922C8A-3A7A-4006-9A33-4F6BBD2CDF5C}.Debug|x64.Build.0 = Debug|Any CPU
		{97922C8A-3A7A-4006-9A33-4F6BBD2CDF5C}.Debug|x86.ActiveCfg = Debug|Any CPU
		{97922C8A-3A7A-4006-9A33-4F6BBD2CDF5C}.Debug|x86.Build.0 = Debug|Any CPU
		{97922C8A-3A7A-4006-9A33-4F6BBD2CDF5C}.Release|Any CPU.ActiveCfg = Release|Any CPU
		{97922C8A-3A7A-4006-9A33-4F6BBD2CDF5C}.Release|Any CPU.Build.0 = Release|Any CPU
		{97922C8A-3A7A-4006-9A33-4F6BBD2CDF5C}.Release|x64.ActiveCfg = Release|Any CPU
		{97922C8A-3A7A-4006-9A33-4F6BBD2CDF5C}.Release|x64.Build.0 = Release|Any CPU
		{97922C8A-3A7A-4006-9A33-4F6BBD2CDF5C}.Release|x86.ActiveCfg = Release|Any CPU
		{97922C8A-3A7A-4006-9A33-4F6BBD2CDF5C}.Release|x86.Build.0 = Release|Any CPU
		{336025B8-F8AD-4050-A9E2-31AA030FA32E}.Debug|Any CPU.ActiveCfg = Debug|Any CPU
		{336025B8-F8AD-4050-A9E2-31AA030FA32E}.Debug|Any CPU.Build.0 = Debug|Any CPU
		{336025B8-F8AD-4050-A9E2-31AA030FA32E}.Debug|x64.ActiveCfg = Debug|Any CPU
		{336025B8-F8AD-4050-A9E2-31AA030FA32E}.Debug|x64.Build.0 = Debug|Any CPU
		{336025B8-F8AD-4050-A9E2-31AA030FA32E}.Debug|x86.ActiveCfg = Debug|Any CPU
		{336025B8-F8AD-4050-A9E2-31AA030FA32E}.Debug|x86.Build.0 = Debug|Any CPU
		{336025B8-F8AD-4050-A9E2-31AA030FA32E}.Release|Any CPU.ActiveCfg = Release|Any CPU
		{336025B8-F8AD-4050-A9E2-31AA030FA32E}.Release|Any CPU.Build.0 = Release|Any CPU
		{336025B8-F8AD-4050-A9E2-31AA030FA32E}.Release|x64.ActiveCfg = Release|Any CPU
		{336025B8-F8AD-4050-A9E2-31AA030FA32E}.Release|x64.Build.0 = Release|Any CPU
		{336025B8-F8AD-4050-A9E2-31AA030FA32E}.Release|x86.ActiveCfg = Release|Any CPU
		{336025B8-F8AD-4050-A9E2-31AA030FA32E}.Release|x86.Build.0 = Release|Any CPU
	EndGlobalSection
	GlobalSection(SolutionProperties) = preSolution
		HideSolutionNode = FALSE
	EndGlobalSection
	GlobalSection(NestedProjects) = preSolution
		{5643E6FB-1B5F-4DCF-B1B5-E50C7B448D3E} = {827E0CD3-B72D-47B6-A68D-7590B98EB39B}
		{47D80352-AE79-4B60-9FB9-A0A5D380970D} = {827E0CD3-B72D-47B6-A68D-7590B98EB39B}
		{97922C8A-3A7A-4006-9A33-4F6BBD2CDF5C} = {827E0CD3-B72D-47B6-A68D-7590B98EB39B}
		{336025B8-F8AD-4050-A9E2-31AA030FA32E} = {0AB3BF05-4346-4AA6-1389-037BE0695223}
	EndGlobalSection
EndGlobal
